// !$*UTF8*$!
{
	archiveVersion = 1;
	classes = {
	};
	objectVersion = 56;
	objects = {

/* Begin PBXBuildFile section */
		5B07663A28C2797700221DE8 /* AppFeature in Frameworks */ = {isa = PBXBuildFile; productRef = 5B07663928C2797700221DE8 /* AppFeature */; };
		5B9440C328DBF2D60060EB4F /* Project_BirdUITests.swift in Sources */ = {isa = PBXBuildFile; fileRef = 5B9440C228DBF2D60060EB4F /* Project_BirdUITests.swift */; };
		5B9440C528DBF2D60060EB4F /* Project_BirdUITestsLaunchTests.swift in Sources */ = {isa = PBXBuildFile; fileRef = 5B9440C428DBF2D60060EB4F /* Project_BirdUITestsLaunchTests.swift */; };
		9D1A9FC728AEAB950065DE6E /* AppFeature in Frameworks */ = {isa = PBXBuildFile; productRef = 9D1A9FC628AEAB950065DE6E /* AppFeature */; };
		BA654F0628A142F500EF72C8 /* Project_BirdApp.swift in Sources */ = {isa = PBXBuildFile; fileRef = BA654EDE28A142F100EF72C8 /* Project_BirdApp.swift */; };
		BA654F0728A142F500EF72C8 /* Project_BirdApp.swift in Sources */ = {isa = PBXBuildFile; fileRef = BA654EDE28A142F100EF72C8 /* Project_BirdApp.swift */; };
		BA654F0A28A142F500EF72C8 /* Assets.xcassets in Resources */ = {isa = PBXBuildFile; fileRef = BA654EE028A142F400EF72C8 /* Assets.xcassets */; };
		BA654F0B28A142F500EF72C8 /* Assets.xcassets in Resources */ = {isa = PBXBuildFile; fileRef = BA654EE028A142F400EF72C8 /* Assets.xcassets */; };
/* End PBXBuildFile section */

/* Begin PBXContainerItemProxy section */
		5B9440C628DBF2D60060EB4F /* PBXContainerItemProxy */ = {
			isa = PBXContainerItemProxy;
			containerPortal = BA654ED928A142F100EF72C8 /* Project object */;
			proxyType = 1;
			remoteGlobalIDString = BA654EE428A142F400EF72C8;
			remoteInfo = "Project-Bird (iOS)";
		};
/* End PBXContainerItemProxy section */

/* Begin PBXFileReference section */
		5B07663828C2792E00221DE8 /* macOS.entitlements */ = {isa = PBXFileReference; fileEncoding = 4; lastKnownFileType = text.plist.entitlements; path = macOS.entitlements; sourceTree = "<group>"; };
		5B9440C028DBF2D50060EB4F /* Project-BirdUITests.xctest */ = {isa = PBXFileReference; explicitFileType = wrapper.cfbundle; includeInIndex = 0; path = "Project-BirdUITests.xctest"; sourceTree = BUILT_PRODUCTS_DIR; };
		5B9440C228DBF2D60060EB4F /* Project_BirdUITests.swift */ = {isa = PBXFileReference; lastKnownFileType = sourcecode.swift; path = Project_BirdUITests.swift; sourceTree = "<group>"; };
		5B9440C428DBF2D60060EB4F /* Project_BirdUITestsLaunchTests.swift */ = {isa = PBXFileReference; lastKnownFileType = sourcecode.swift; path = Project_BirdUITestsLaunchTests.swift; sourceTree = "<group>"; };
		BA2D684029315EEC008AA2DA /* Project-Bird--macOS--Info.plist */ = {isa = PBXFileReference; lastKnownFileType = text.plist; path = "Project-Bird--macOS--Info.plist"; sourceTree = "<group>"; };
		BA654EDE28A142F100EF72C8 /* Project_BirdApp.swift */ = {isa = PBXFileReference; lastKnownFileType = sourcecode.swift; path = Project_BirdApp.swift; sourceTree = "<group>"; };
		BA654EE028A142F400EF72C8 /* Assets.xcassets */ = {isa = PBXFileReference; lastKnownFileType = folder.assetcatalog; path = Assets.xcassets; sourceTree = "<group>"; };
		BA654EE528A142F400EF72C8 /* Project-Bird.app */ = {isa = PBXFileReference; explicitFileType = wrapper.application; includeInIndex = 0; path = "Project-Bird.app"; sourceTree = BUILT_PRODUCTS_DIR; };
		BA654EEB28A142F500EF72C8 /* Project-Bird.app */ = {isa = PBXFileReference; explicitFileType = wrapper.application; includeInIndex = 0; path = "Project-Bird.app"; sourceTree = BUILT_PRODUCTS_DIR; };
		BA654F1C28A14BF400EF72C8 /* Bird-Modules */ = {isa = PBXFileReference; lastKnownFileType = wrapper; path = "Bird-Modules"; sourceTree = "<group>"; };
		BAD48B7828DB7B8300DF074A /* TestPlan.xctestplan */ = {isa = PBXFileReference; lastKnownFileType = text; path = TestPlan.xctestplan; sourceTree = SOURCE_ROOT; };
/* End PBXFileReference section */

/* Begin PBXFrameworksBuildPhase section */
		5B9440BD28DBF2D50060EB4F /* Frameworks */ = {
			isa = PBXFrameworksBuildPhase;
			buildActionMask = 2147483647;
			files = (
			);
			runOnlyForDeploymentPostprocessing = 0;
		};
		BA654EE228A142F400EF72C8 /* Frameworks */ = {
			isa = PBXFrameworksBuildPhase;
			buildActionMask = 2147483647;
			files = (
				9D1A9FC728AEAB950065DE6E /* AppFeature in Frameworks */,
			);
			runOnlyForDeploymentPostprocessing = 0;
		};
		BA654EE828A142F500EF72C8 /* Frameworks */ = {
			isa = PBXFrameworksBuildPhase;
			buildActionMask = 2147483647;
			files = (
				5B07663A28C2797700221DE8 /* AppFeature in Frameworks */,
			);
			runOnlyForDeploymentPostprocessing = 0;
		};
/* End PBXFrameworksBuildPhase section */

/* Begin PBXGroup section */
		5B07663728C2789F00221DE8 /* macOS */ = {
			isa = PBXGroup;
			children = (
				5B07663828C2792E00221DE8 /* macOS.entitlements */,
			);
			path = macOS;
			sourceTree = "<group>";
		};
		5B9440C128DBF2D60060EB4F /* Project-BirdUITests */ = {
			isa = PBXGroup;
			children = (
				5B9440C228DBF2D60060EB4F /* Project_BirdUITests.swift */,
				5B9440C428DBF2D60060EB4F /* Project_BirdUITestsLaunchTests.swift */,
			);
			path = "Project-BirdUITests";
			sourceTree = "<group>";
		};
		BA654ED828A142F100EF72C8 = {
			isa = PBXGroup;
			children = (
				BA2D684029315EEC008AA2DA /* Project-Bird--macOS--Info.plist */,
				BA654F1C28A14BF400EF72C8 /* Bird-Modules */,
				5B07663728C2789F00221DE8 /* macOS */,
				BA654EDD28A142F100EF72C8 /* Shared */,
				5B9440C128DBF2D60060EB4F /* Project-BirdUITests */,
				BA654EE628A142F400EF72C8 /* Products */,
				BA654F1D28A14C7C00EF72C8 /* Frameworks */,
			);
			sourceTree = "<group>";
		};
		BA654EDD28A142F100EF72C8 /* Shared */ = {
			isa = PBXGroup;
			children = (
				BAD48B7828DB7B8300DF074A /* TestPlan.xctestplan */,
				BA654EDE28A142F100EF72C8 /* Project_BirdApp.swift */,
				BA654EE028A142F400EF72C8 /* Assets.xcassets */,
			);
			path = Shared;
			sourceTree = "<group>";
		};
		BA654EE628A142F400EF72C8 /* Products */ = {
			isa = PBXGroup;
			children = (
				BA654EE528A142F400EF72C8 /* Project-Bird.app */,
				BA654EEB28A142F500EF72C8 /* Project-Bird.app */,
				5B9440C028DBF2D50060EB4F /* Project-BirdUITests.xctest */,
			);
			name = Products;
			sourceTree = "<group>";
		};
		BA654F1D28A14C7C00EF72C8 /* Frameworks */ = {
			isa = PBXGroup;
			children = (
			);
			name = Frameworks;
			sourceTree = "<group>";
		};
/* End PBXGroup section */

/* Begin PBXNativeTarget section */
		5B9440BF28DBF2D50060EB4F /* Project-BirdUITests */ = {
			isa = PBXNativeTarget;
			buildConfigurationList = 5B9440CA28DBF2D60060EB4F /* Build configuration list for PBXNativeTarget "Project-BirdUITests" */;
			buildPhases = (
				5B9440BC28DBF2D50060EB4F /* Sources */,
				5B9440BD28DBF2D50060EB4F /* Frameworks */,
				5B9440BE28DBF2D50060EB4F /* Resources */,
			);
			buildRules = (
			);
			dependencies = (
				5B9440C728DBF2D60060EB4F /* PBXTargetDependency */,
			);
			name = "Project-BirdUITests";
			productName = "Project-BirdUITests";
			productReference = 5B9440C028DBF2D50060EB4F /* Project-BirdUITests.xctest */;
			productType = "com.apple.product-type.bundle.ui-testing";
		};
		BA654EE428A142F400EF72C8 /* Project-Bird (iOS) */ = {
			isa = PBXNativeTarget;
			buildConfigurationList = BA654F0E28A142F500EF72C8 /* Build configuration list for PBXNativeTarget "Project-Bird (iOS)" */;
			buildPhases = (
				BA654EE128A142F400EF72C8 /* Sources */,
				BA654EE228A142F400EF72C8 /* Frameworks */,
				BA654EE328A142F400EF72C8 /* Resources */,
				BA654F1A28A143ED00EF72C8 /* Swift Lint */,
			);
			buildRules = (
			);
			dependencies = (
			);
			name = "Project-Bird (iOS)";
			packageProductDependencies = (
				9D1A9FC628AEAB950065DE6E /* AppFeature */,
			);
			productName = "Project-Bird (iOS)";
			productReference = BA654EE528A142F400EF72C8 /* Project-Bird.app */;
			productType = "com.apple.product-type.application";
		};
		BA654EEA28A142F500EF72C8 /* Project-Bird (macOS) */ = {
			isa = PBXNativeTarget;
			buildConfigurationList = BA654F1128A142F500EF72C8 /* Build configuration list for PBXNativeTarget "Project-Bird (macOS)" */;
			buildPhases = (
				BA654EE728A142F500EF72C8 /* Sources */,
				BA654EE828A142F500EF72C8 /* Frameworks */,
				BA654EE928A142F500EF72C8 /* Resources */,
				BA654F1B28A149F400EF72C8 /* Swift Lint */,
			);
			buildRules = (
			);
			dependencies = (
			);
			name = "Project-Bird (macOS)";
			packageProductDependencies = (
				5B07663928C2797700221DE8 /* AppFeature */,
			);
			productName = "Project-Bird (macOS)";
			productReference = BA654EEB28A142F500EF72C8 /* Project-Bird.app */;
			productType = "com.apple.product-type.application";
		};
/* End PBXNativeTarget section */

/* Begin PBXProject section */
		BA654ED928A142F100EF72C8 /* Project object */ = {
			isa = PBXProject;
			attributes = {
				BuildIndependentTargetsInParallel = 1;
				LastSwiftUpdateCheck = 1400;
				LastUpgradeCheck = 1400;
				TargetAttributes = {
					5B9440BF28DBF2D50060EB4F = {
						CreatedOnToolsVersion = 14.0;
						TestTargetID = BA654EE428A142F400EF72C8;
					};
					BA654EE428A142F400EF72C8 = {
						CreatedOnToolsVersion = 13.4.1;
					};
					BA654EEA28A142F500EF72C8 = {
						CreatedOnToolsVersion = 13.4.1;
					};
				};
			};
			buildConfigurationList = BA654EDC28A142F100EF72C8 /* Build configuration list for PBXProject "Project-Bird" */;
			compatibilityVersion = "Xcode 14.0";
			developmentRegion = "pt-BR";
			hasScannedForEncodings = 0;
			knownRegions = (
				en,
				Base,
				"pt-BR",
			);
			mainGroup = BA654ED828A142F100EF72C8;
			productRefGroup = BA654EE628A142F400EF72C8 /* Products */;
			projectDirPath = "";
			projectRoot = "";
			targets = (
				BA654EE428A142F400EF72C8 /* Project-Bird (iOS) */,
				BA654EEA28A142F500EF72C8 /* Project-Bird (macOS) */,
				5B9440BF28DBF2D50060EB4F /* Project-BirdUITests */,
			);
		};
/* End PBXProject section */

/* Begin PBXResourcesBuildPhase section */
		5B9440BE28DBF2D50060EB4F /* Resources */ = {
			isa = PBXResourcesBuildPhase;
			buildActionMask = 2147483647;
			files = (
			);
			runOnlyForDeploymentPostprocessing = 0;
		};
		BA654EE328A142F400EF72C8 /* Resources */ = {
			isa = PBXResourcesBuildPhase;
			buildActionMask = 2147483647;
			files = (
				BA654F0A28A142F500EF72C8 /* Assets.xcassets in Resources */,
			);
			runOnlyForDeploymentPostprocessing = 0;
		};
		BA654EE928A142F500EF72C8 /* Resources */ = {
			isa = PBXResourcesBuildPhase;
			buildActionMask = 2147483647;
			files = (
				BA654F0B28A142F500EF72C8 /* Assets.xcassets in Resources */,
			);
			runOnlyForDeploymentPostprocessing = 0;
		};
/* End PBXResourcesBuildPhase section */

/* Begin PBXShellScriptBuildPhase section */
		BA654F1A28A143ED00EF72C8 /* Swift Lint */ = {
			isa = PBXShellScriptBuildPhase;
			alwaysOutOfDate = 1;
			buildActionMask = 2147483647;
			files = (
			);
			inputFileListPaths = (
			);
			inputPaths = (
			);
			name = "Swift Lint";
			outputFileListPaths = (
			);
			outputPaths = (
			);
			runOnlyForDeploymentPostprocessing = 0;
			shellPath = /bin/sh;
			shellScript = "if which swiftlint >/dev/null; then\nswiftlint\nelse\n    echo \"warning: Swiftlint not installed, download from https://github.com/realm/SwiftLint\"\nfi\n";
		};
		BA654F1B28A149F400EF72C8 /* Swift Lint */ = {
			isa = PBXShellScriptBuildPhase;
			buildActionMask = 2147483647;
			files = (
			);
			inputFileListPaths = (
			);
			inputPaths = (
			);
			name = "Swift Lint";
			outputFileListPaths = (
			);
			outputPaths = (
			);
			runOnlyForDeploymentPostprocessing = 0;
			shellPath = /bin/sh;
			shellScript = "if which swiftlint >/dev/null; then\nswiftlint\nelse\necho \"warning: Swiftlint not installed, download from https://github.com/realm/SwiftLint\"\nfi\n";
		};
/* End PBXShellScriptBuildPhase section */

/* Begin PBXSourcesBuildPhase section */
		5B9440BC28DBF2D50060EB4F /* Sources */ = {
			isa = PBXSourcesBuildPhase;
			buildActionMask = 2147483647;
			files = (
				5B9440C328DBF2D60060EB4F /* Project_BirdUITests.swift in Sources */,
				5B9440C528DBF2D60060EB4F /* Project_BirdUITestsLaunchTests.swift in Sources */,
			);
			runOnlyForDeploymentPostprocessing = 0;
		};
		BA654EE128A142F400EF72C8 /* Sources */ = {
			isa = PBXSourcesBuildPhase;
			buildActionMask = 2147483647;
			files = (
				BA654F0628A142F500EF72C8 /* Project_BirdApp.swift in Sources */,
			);
			runOnlyForDeploymentPostprocessing = 0;
		};
		BA654EE728A142F500EF72C8 /* Sources */ = {
			isa = PBXSourcesBuildPhase;
			buildActionMask = 2147483647;
			files = (
				BA654F0728A142F500EF72C8 /* Project_BirdApp.swift in Sources */,
			);
			runOnlyForDeploymentPostprocessing = 0;
		};
/* End PBXSourcesBuildPhase section */

/* Begin PBXTargetDependency section */
		5B9440C728DBF2D60060EB4F /* PBXTargetDependency */ = {
			isa = PBXTargetDependency;
			target = BA654EE428A142F400EF72C8 /* Project-Bird (iOS) */;
			targetProxy = 5B9440C628DBF2D60060EB4F /* PBXContainerItemProxy */;
		};
/* End PBXTargetDependency section */

/* Begin XCBuildConfiguration section */
		5B9440C828DBF2D60060EB4F /* Debug */ = {
			isa = XCBuildConfiguration;
			buildSettings = {
				CLANG_CXX_LANGUAGE_STANDARD = "gnu++20";
				CODE_SIGN_STYLE = Automatic;
				CURRENT_PROJECT_VERSION = 1;
				DEVELOPMENT_TEAM = 8JPPDHN68R;
				GENERATE_INFOPLIST_FILE = YES;
				IPHONEOS_DEPLOYMENT_TARGET = 16.0;
				MARKETING_VERSION = 1.0;
				PRODUCT_BUNDLE_IDENTIFIER = com.grupo2.SpixiiUITexts;
				PRODUCT_NAME = "$(TARGET_NAME)";
				SDKROOT = iphoneos;
				SWIFT_EMIT_LOC_STRINGS = NO;
				SWIFT_VERSION = 5.0;
				TARGETED_DEVICE_FAMILY = "1,2";
				TEST_TARGET_NAME = "Project-Bird (iOS)";
			};
			name = Debug;
		};
		5B9440C928DBF2D60060EB4F /* Release */ = {
			isa = XCBuildConfiguration;
			buildSettings = {
				CLANG_CXX_LANGUAGE_STANDARD = "gnu++20";
				CODE_SIGN_STYLE = Automatic;
				CURRENT_PROJECT_VERSION = 1;
				DEVELOPMENT_TEAM = 8JPPDHN68R;
				GENERATE_INFOPLIST_FILE = YES;
				IPHONEOS_DEPLOYMENT_TARGET = 16.0;
				MARKETING_VERSION = 1.0;
				PRODUCT_BUNDLE_IDENTIFIER = com.grupo2.SpixiiUITexts;
				PRODUCT_NAME = "$(TARGET_NAME)";
				SDKROOT = iphoneos;
				SWIFT_EMIT_LOC_STRINGS = NO;
				SWIFT_VERSION = 5.0;
				TARGETED_DEVICE_FAMILY = "1,2";
				TEST_TARGET_NAME = "Project-Bird (iOS)";
				VALIDATE_PRODUCT = YES;
			};
			name = Release;
		};
		BA654F0C28A142F500EF72C8 /* Debug */ = {
			isa = XCBuildConfiguration;
			buildSettings = {
				ALWAYS_SEARCH_USER_PATHS = NO;
				CLANG_ANALYZER_LOCALIZABILITY_NONLOCALIZED = YES;
				CLANG_ANALYZER_NONNULL = YES;
				CLANG_ANALYZER_NUMBER_OBJECT_CONVERSION = YES_AGGRESSIVE;
				CLANG_CXX_LANGUAGE_STANDARD = "gnu++17";
				CLANG_ENABLE_MODULES = YES;
				CLANG_ENABLE_OBJC_ARC = YES;
				CLANG_ENABLE_OBJC_WEAK = YES;
				CLANG_WARN_BLOCK_CAPTURE_AUTORELEASING = YES;
				CLANG_WARN_BOOL_CONVERSION = YES;
				CLANG_WARN_COMMA = YES;
				CLANG_WARN_CONSTANT_CONVERSION = YES;
				CLANG_WARN_DEPRECATED_OBJC_IMPLEMENTATIONS = YES;
				CLANG_WARN_DIRECT_OBJC_ISA_USAGE = YES_ERROR;
				CLANG_WARN_DOCUMENTATION_COMMENTS = YES;
				CLANG_WARN_EMPTY_BODY = YES;
				CLANG_WARN_ENUM_CONVERSION = YES;
				CLANG_WARN_INFINITE_RECURSION = YES;
				CLANG_WARN_INT_CONVERSION = YES;
				CLANG_WARN_NON_LITERAL_NULL_CONVERSION = YES;
				CLANG_WARN_OBJC_IMPLICIT_RETAIN_SELF = YES;
				CLANG_WARN_OBJC_LITERAL_CONVERSION = YES;
				CLANG_WARN_OBJC_ROOT_CLASS = YES_ERROR;
				CLANG_WARN_QUOTED_INCLUDE_IN_FRAMEWORK_HEADER = YES;
				CLANG_WARN_RANGE_LOOP_ANALYSIS = YES;
				CLANG_WARN_STRICT_PROTOTYPES = YES;
				CLANG_WARN_SUSPICIOUS_MOVE = YES;
				CLANG_WARN_UNGUARDED_AVAILABILITY = YES_AGGRESSIVE;
				CLANG_WARN_UNREACHABLE_CODE = YES;
				CLANG_WARN__DUPLICATE_METHOD_MATCH = YES;
				COPY_PHASE_STRIP = NO;
				DEAD_CODE_STRIPPING = YES;
				DEBUG_INFORMATION_FORMAT = dwarf;
				ENABLE_STRICT_OBJC_MSGSEND = YES;
				ENABLE_TESTABILITY = YES;
				GCC_C_LANGUAGE_STANDARD = gnu11;
				GCC_DYNAMIC_NO_PIC = NO;
				GCC_NO_COMMON_BLOCKS = YES;
				GCC_OPTIMIZATION_LEVEL = 0;
				GCC_PREPROCESSOR_DEFINITIONS = (
					"DEBUG=1",
					"$(inherited)",
				);
				GCC_WARN_64_TO_32_BIT_CONVERSION = YES;
				GCC_WARN_ABOUT_RETURN_TYPE = YES_ERROR;
				GCC_WARN_UNDECLARED_SELECTOR = YES;
				GCC_WARN_UNINITIALIZED_AUTOS = YES_AGGRESSIVE;
				GCC_WARN_UNUSED_FUNCTION = YES;
				GCC_WARN_UNUSED_VARIABLE = YES;
				MTL_ENABLE_DEBUG_INFO = INCLUDE_SOURCE;
				MTL_FAST_MATH = YES;
				ONLY_ACTIVE_ARCH = YES;
				SWIFT_ACTIVE_COMPILATION_CONDITIONS = DEBUG;
				SWIFT_OPTIMIZATION_LEVEL = "-Onone";
			};
			name = Debug;
		};
		BA654F0D28A142F500EF72C8 /* Release */ = {
			isa = XCBuildConfiguration;
			buildSettings = {
				ALWAYS_SEARCH_USER_PATHS = NO;
				CLANG_ANALYZER_LOCALIZABILITY_NONLOCALIZED = YES;
				CLANG_ANALYZER_NONNULL = YES;
				CLANG_ANALYZER_NUMBER_OBJECT_CONVERSION = YES_AGGRESSIVE;
				CLANG_CXX_LANGUAGE_STANDARD = "gnu++17";
				CLANG_ENABLE_MODULES = YES;
				CLANG_ENABLE_OBJC_ARC = YES;
				CLANG_ENABLE_OBJC_WEAK = YES;
				CLANG_WARN_BLOCK_CAPTURE_AUTORELEASING = YES;
				CLANG_WARN_BOOL_CONVERSION = YES;
				CLANG_WARN_COMMA = YES;
				CLANG_WARN_CONSTANT_CONVERSION = YES;
				CLANG_WARN_DEPRECATED_OBJC_IMPLEMENTATIONS = YES;
				CLANG_WARN_DIRECT_OBJC_ISA_USAGE = YES_ERROR;
				CLANG_WARN_DOCUMENTATION_COMMENTS = YES;
				CLANG_WARN_EMPTY_BODY = YES;
				CLANG_WARN_ENUM_CONVERSION = YES;
				CLANG_WARN_INFINITE_RECURSION = YES;
				CLANG_WARN_INT_CONVERSION = YES;
				CLANG_WARN_NON_LITERAL_NULL_CONVERSION = YES;
				CLANG_WARN_OBJC_IMPLICIT_RETAIN_SELF = YES;
				CLANG_WARN_OBJC_LITERAL_CONVERSION = YES;
				CLANG_WARN_OBJC_ROOT_CLASS = YES_ERROR;
				CLANG_WARN_QUOTED_INCLUDE_IN_FRAMEWORK_HEADER = YES;
				CLANG_WARN_RANGE_LOOP_ANALYSIS = YES;
				CLANG_WARN_STRICT_PROTOTYPES = YES;
				CLANG_WARN_SUSPICIOUS_MOVE = YES;
				CLANG_WARN_UNGUARDED_AVAILABILITY = YES_AGGRESSIVE;
				CLANG_WARN_UNREACHABLE_CODE = YES;
				CLANG_WARN__DUPLICATE_METHOD_MATCH = YES;
				COPY_PHASE_STRIP = NO;
				DEAD_CODE_STRIPPING = YES;
				DEBUG_INFORMATION_FORMAT = "dwarf-with-dsym";
				ENABLE_NS_ASSERTIONS = NO;
				ENABLE_STRICT_OBJC_MSGSEND = YES;
				GCC_C_LANGUAGE_STANDARD = gnu11;
				GCC_NO_COMMON_BLOCKS = YES;
				GCC_WARN_64_TO_32_BIT_CONVERSION = YES;
				GCC_WARN_ABOUT_RETURN_TYPE = YES_ERROR;
				GCC_WARN_UNDECLARED_SELECTOR = YES;
				GCC_WARN_UNINITIALIZED_AUTOS = YES_AGGRESSIVE;
				GCC_WARN_UNUSED_FUNCTION = YES;
				GCC_WARN_UNUSED_VARIABLE = YES;
				MTL_ENABLE_DEBUG_INFO = NO;
				MTL_FAST_MATH = YES;
				SWIFT_COMPILATION_MODE = wholemodule;
				SWIFT_OPTIMIZATION_LEVEL = "-O";
			};
			name = Release;
		};
		BA654F0F28A142F500EF72C8 /* Debug */ = {
			isa = XCBuildConfiguration;
			buildSettings = {
				ASSETCATALOG_COMPILER_APPICON_NAME = AppIconiOS;
				ASSETCATALOG_COMPILER_GLOBAL_ACCENT_COLOR_NAME = AccentColor;
				CODE_SIGN_ENTITLEMENTS = "Project-Bird (iOS).entitlements";
				CODE_SIGN_STYLE = Automatic;
				CURRENT_PROJECT_VERSION = 1;
				DEVELOPMENT_TEAM = 8JPPDHN68R;
				ENABLE_PREVIEWS = YES;
				GENERATE_INFOPLIST_FILE = YES;
				INFOPLIST_FILE = "Project-Bird--iOS--Info.plist";
				INFOPLIST_KEY_CFBundleDisplayName = Spixii;
				INFOPLIST_KEY_LSApplicationCategoryType = "public.app-category.education";
				INFOPLIST_KEY_UIApplicationSceneManifest_Generation = YES;
				INFOPLIST_KEY_UIApplicationSupportsIndirectInputEvents = YES;
				INFOPLIST_KEY_UILaunchScreen_Generation = YES;
				INFOPLIST_KEY_UISupportedInterfaceOrientations = UIInterfaceOrientationPortrait;
				INFOPLIST_KEY_UISupportedInterfaceOrientations_iPad = "UIInterfaceOrientationLandscapeLeft UIInterfaceOrientationLandscapeRight UIInterfaceOrientationPortrait UIInterfaceOrientationPortraitUpsideDown";
				IPHONEOS_DEPLOYMENT_TARGET = 16.0;
				LD_RUNPATH_SEARCH_PATHS = (
					"$(inherited)",
					"@executable_path/Frameworks",
				);
				MARKETING_VERSION = 1.6;
				PRODUCT_BUNDLE_IDENTIFIER = com.grupo2.Spixii;
				PRODUCT_NAME = "Project-Bird";
				SDKROOT = iphoneos;
				SWIFT_EMIT_LOC_STRINGS = YES;
				SWIFT_VERSION = 5.0;
				TARGETED_DEVICE_FAMILY = "1,2";
			};
			name = Debug;
		};
		BA654F1028A142F500EF72C8 /* Release */ = {
			isa = XCBuildConfiguration;
			buildSettings = {
				ASSETCATALOG_COMPILER_APPICON_NAME = AppIconiOS;
				ASSETCATALOG_COMPILER_GLOBAL_ACCENT_COLOR_NAME = AccentColor;
				CODE_SIGN_ENTITLEMENTS = "Project-Bird (iOS).entitlements";
				CODE_SIGN_STYLE = Automatic;
				CURRENT_PROJECT_VERSION = 1;
				DEVELOPMENT_TEAM = 8JPPDHN68R;
				ENABLE_PREVIEWS = YES;
				GENERATE_INFOPLIST_FILE = YES;
				INFOPLIST_FILE = "Project-Bird--iOS--Info.plist";
				INFOPLIST_KEY_CFBundleDisplayName = Spixii;
				INFOPLIST_KEY_LSApplicationCategoryType = "public.app-category.education";
				INFOPLIST_KEY_UIApplicationSceneManifest_Generation = YES;
				INFOPLIST_KEY_UIApplicationSupportsIndirectInputEvents = YES;
				INFOPLIST_KEY_UILaunchScreen_Generation = YES;
				INFOPLIST_KEY_UISupportedInterfaceOrientations = UIInterfaceOrientationPortrait;
				INFOPLIST_KEY_UISupportedInterfaceOrientations_iPad = "UIInterfaceOrientationLandscapeLeft UIInterfaceOrientationLandscapeRight UIInterfaceOrientationPortrait UIInterfaceOrientationPortraitUpsideDown";
				IPHONEOS_DEPLOYMENT_TARGET = 16.0;
				LD_RUNPATH_SEARCH_PATHS = (
					"$(inherited)",
					"@executable_path/Frameworks",
				);
				MARKETING_VERSION = 1.6;
				PRODUCT_BUNDLE_IDENTIFIER = com.grupo2.Spixii;
				PRODUCT_NAME = "Project-Bird";
				SDKROOT = iphoneos;
				SWIFT_EMIT_LOC_STRINGS = YES;
				SWIFT_VERSION = 5.0;
				TARGETED_DEVICE_FAMILY = "1,2";
				VALIDATE_PRODUCT = YES;
			};
			name = Release;
		};
		BA654F1228A142F500EF72C8 /* Debug */ = {
			isa = XCBuildConfiguration;
			buildSettings = {
				ASSETCATALOG_COMPILER_APPICON_NAME = AppIconMacOS;
				ASSETCATALOG_COMPILER_GLOBAL_ACCENT_COLOR_NAME = AccentColor;
				ASSETCATALOG_COMPILER_INCLUDE_ALL_APPICON_ASSETS = YES;
				CODE_SIGN_ENTITLEMENTS = macOS/macOS.entitlements;
				CODE_SIGN_IDENTITY = "-";
				"CODE_SIGN_IDENTITY[sdk=macosx*]" = "Apple Development";
				CODE_SIGN_STYLE = Automatic;
				COMBINE_HIDPI_IMAGES = YES;
				CURRENT_PROJECT_VERSION = 2;
				DEAD_CODE_STRIPPING = YES;
				DEVELOPMENT_TEAM = 8JPPDHN68R;
				ENABLE_HARDENED_RUNTIME = YES;
				ENABLE_PREVIEWS = YES;
				GENERATE_INFOPLIST_FILE = YES;
				INFOPLIST_FILE = "Project-Bird--macOS--Info.plist";
				INFOPLIST_KEY_CFBundleDisplayName = Spixii;
				INFOPLIST_KEY_LSApplicationCategoryType = "public.app-category.education";
				INFOPLIST_KEY_NSHumanReadableCopyright = "";
				LD_RUNPATH_SEARCH_PATHS = (
					"$(inherited)",
					"@executable_path/../Frameworks",
				);
				MACOSX_DEPLOYMENT_TARGET = 13.0;
				MARKETING_VERSION = 1.0;
				PRODUCT_BUNDLE_IDENTIFIER = com.grupo2.Spixii;
				PRODUCT_NAME = "Project-Bird";
				SDKROOT = macosx;
				SWIFT_EMIT_LOC_STRINGS = YES;
				SWIFT_VERSION = 5.0;
			};
			name = Debug;
		};
		BA654F1328A142F500EF72C8 /* Release */ = {
			isa = XCBuildConfiguration;
			buildSettings = {
				ASSETCATALOG_COMPILER_APPICON_NAME = AppIconMacOS;
				ASSETCATALOG_COMPILER_GLOBAL_ACCENT_COLOR_NAME = AccentColor;
				ASSETCATALOG_COMPILER_INCLUDE_ALL_APPICON_ASSETS = YES;
				CODE_SIGN_ENTITLEMENTS = macOS/macOS.entitlements;
				CODE_SIGN_IDENTITY = "-";
				"CODE_SIGN_IDENTITY[sdk=macosx*]" = "Apple Development";
				CODE_SIGN_STYLE = Automatic;
				COMBINE_HIDPI_IMAGES = YES;
				CURRENT_PROJECT_VERSION = 2;
				DEAD_CODE_STRIPPING = YES;
				DEVELOPMENT_TEAM = 8JPPDHN68R;
				ENABLE_HARDENED_RUNTIME = YES;
				ENABLE_PREVIEWS = YES;
				GENERATE_INFOPLIST_FILE = YES;
				INFOPLIST_FILE = "Project-Bird--macOS--Info.plist";
				INFOPLIST_KEY_CFBundleDisplayName = Spixii;
				INFOPLIST_KEY_LSApplicationCategoryType = "public.app-category.education";
				INFOPLIST_KEY_NSHumanReadableCopyright = "";
				LD_RUNPATH_SEARCH_PATHS = (
					"$(inherited)",
					"@executable_path/../Frameworks",
				);
				MACOSX_DEPLOYMENT_TARGET = 13.0;
				MARKETING_VERSION = 1.0;
				PRODUCT_BUNDLE_IDENTIFIER = com.grupo2.Spixii;
				PRODUCT_NAME = "Project-Bird";
				SDKROOT = macosx;
				SWIFT_EMIT_LOC_STRINGS = YES;
				SWIFT_VERSION = 5.0;
			};
			name = Release;
		};
/* End XCBuildConfiguration section */

/* Begin XCConfigurationList section */
		5B9440CA28DBF2D60060EB4F /* Build configuration list for PBXNativeTarget "Project-BirdUITests" */ = {
			isa = XCConfigurationList;
			buildConfigurations = (
				5B9440C828DBF2D60060EB4F /* Debug */,
				5B9440C928DBF2D60060EB4F /* Release */,
			);
			defaultConfigurationIsVisible = 0;
			defaultConfigurationName = Release;
		};
		BA654EDC28A142F100EF72C8 /* Build configuration list for PBXProject "Project-Bird" */ = {
			isa = XCConfigurationList;
			buildConfigurations = (
				BA654F0C28A142F500EF72C8 /* Debug */,
				BA654F0D28A142F500EF72C8 /* Release */,
			);
			defaultConfigurationIsVisible = 0;
			defaultConfigurationName = Release;
		};
		BA654F0E28A142F500EF72C8 /* Build configuration list for PBXNativeTarget "Project-Bird (iOS)" */ = {
			isa = XCConfigurationList;
			buildConfigurations = (
				BA654F0F28A142F500EF72C8 /* Debug */,
				BA654F1028A142F500EF72C8 /* Release */,
			);
			defaultConfigurationIsVisible = 0;
			defaultConfigurationName = Release;
		};
		BA654F1128A142F500EF72C8 /* Build configuration list for PBXNativeTarget "Project-Bird (macOS)" */ = {
			isa = XCConfigurationList;
			buildConfigurations = (
				BA654F1228A142F500EF72C8 /* Debug */,
				BA654F1328A142F500EF72C8 /* Release */,
			);
			defaultConfigurationIsVisible = 0;
			defaultConfigurationName = Release;
		};
/* End XCConfigurationList section */

/* Begin XCSwiftPackageProductDependency section */
		5B07663928C2797700221DE8 /* AppFeature */ = {
			isa = XCSwiftPackageProductDependency;
			productName = AppFeature;
		};
		9D1A9FC628AEAB950065DE6E /* AppFeature */ = {
			isa = XCSwiftPackageProductDependency;
			productName = AppFeature;
		};
/* End XCSwiftPackageProductDependency section */
	};
	rootObject = BA654ED928A142F100EF72C8 /* Project object */;
}
