// !$*UTF8*$!
{
	archiveVersion = 1;
	classes = {
	};
	objectVersion = 55;
	objects = {

/* Begin PBXBuildFile section */
		9D1A9FC728AEAB950065DE6E /* AppFeature in Frameworks */ = {isa = PBXBuildFile; productRef = 9D1A9FC628AEAB950065DE6E /* AppFeature */; };
		BA654EF728A142F500EF72C8 /* Tests_iOS.swift in Sources */ = {isa = PBXBuildFile; fileRef = BA654EF628A142F500EF72C8 /* Tests_iOS.swift */; };
		BA654EF928A142F500EF72C8 /* Tests_iOSLaunchTests.swift in Sources */ = {isa = PBXBuildFile; fileRef = BA654EF828A142F500EF72C8 /* Tests_iOSLaunchTests.swift */; };
		BA654F0328A142F500EF72C8 /* Tests_macOS.swift in Sources */ = {isa = PBXBuildFile; fileRef = BA654F0228A142F500EF72C8 /* Tests_macOS.swift */; };
		BA654F0528A142F500EF72C8 /* Tests_macOSLaunchTests.swift in Sources */ = {isa = PBXBuildFile; fileRef = BA654F0428A142F500EF72C8 /* Tests_macOSLaunchTests.swift */; };
		BA654F0628A142F500EF72C8 /* Project_BirdApp.swift in Sources */ = {isa = PBXBuildFile; fileRef = BA654EDE28A142F100EF72C8 /* Project_BirdApp.swift */; };
		BA654F0728A142F500EF72C8 /* Project_BirdApp.swift in Sources */ = {isa = PBXBuildFile; fileRef = BA654EDE28A142F100EF72C8 /* Project_BirdApp.swift */; };
		BA654F0828A142F500EF72C8 /* ContentView.swift in Sources */ = {isa = PBXBuildFile; fileRef = BA654EDF28A142F100EF72C8 /* ContentView.swift */; };
		BA654F0928A142F500EF72C8 /* ContentView.swift in Sources */ = {isa = PBXBuildFile; fileRef = BA654EDF28A142F100EF72C8 /* ContentView.swift */; };
		BA654F0A28A142F500EF72C8 /* Assets.xcassets in Resources */ = {isa = PBXBuildFile; fileRef = BA654EE028A142F400EF72C8 /* Assets.xcassets */; };
		BA654F0B28A142F500EF72C8 /* Assets.xcassets in Resources */ = {isa = PBXBuildFile; fileRef = BA654EE028A142F400EF72C8 /* Assets.xcassets */; };
		BA654F2128A14C8500EF72C8 /* App-Feature in Frameworks */ = {isa = PBXBuildFile; productRef = BA654F2028A14C8500EF72C8 /* App-Feature */; };
/* End PBXBuildFile section */

/* Begin PBXContainerItemProxy section */
		BA654EF328A142F500EF72C8 /* PBXContainerItemProxy */ = {
			isa = PBXContainerItemProxy;
			containerPortal = BA654ED928A142F100EF72C8 /* Project object */;
			proxyType = 1;
			remoteGlobalIDString = BA654EE428A142F400EF72C8;
			remoteInfo = "Project-Bird (iOS)";
		};
		BA654EFF28A142F500EF72C8 /* PBXContainerItemProxy */ = {
			isa = PBXContainerItemProxy;
			containerPortal = BA654ED928A142F100EF72C8 /* Project object */;
			proxyType = 1;
			remoteGlobalIDString = BA654EEA28A142F500EF72C8;
			remoteInfo = "Project-Bird (macOS)";
		};
/* End PBXContainerItemProxy section */

/* Begin PBXFileReference section */
		BA654EDE28A142F100EF72C8 /* Project_BirdApp.swift */ = {isa = PBXFileReference; lastKnownFileType = sourcecode.swift; path = Project_BirdApp.swift; sourceTree = "<group>"; };
		BA654EDF28A142F100EF72C8 /* ContentView.swift */ = {isa = PBXFileReference; lastKnownFileType = sourcecode.swift; path = ContentView.swift; sourceTree = "<group>"; };
		BA654EE028A142F400EF72C8 /* Assets.xcassets */ = {isa = PBXFileReference; lastKnownFileType = folder.assetcatalog; path = Assets.xcassets; sourceTree = "<group>"; };
		BA654EE528A142F400EF72C8 /* Project-Bird.app */ = {isa = PBXFileReference; explicitFileType = wrapper.application; includeInIndex = 0; path = "Project-Bird.app"; sourceTree = BUILT_PRODUCTS_DIR; };
		BA654EEB28A142F500EF72C8 /* Project-Bird.app */ = {isa = PBXFileReference; explicitFileType = wrapper.application; includeInIndex = 0; path = "Project-Bird.app"; sourceTree = BUILT_PRODUCTS_DIR; };
		BA654EED28A142F500EF72C8 /* macOS.entitlements */ = {isa = PBXFileReference; lastKnownFileType = text.plist.entitlements; path = macOS.entitlements; sourceTree = "<group>"; };
		BA654EF228A142F500EF72C8 /* Tests iOS.xctest */ = {isa = PBXFileReference; explicitFileType = wrapper.cfbundle; includeInIndex = 0; path = "Tests iOS.xctest"; sourceTree = BUILT_PRODUCTS_DIR; };
		BA654EF628A142F500EF72C8 /* Tests_iOS.swift */ = {isa = PBXFileReference; lastKnownFileType = sourcecode.swift; path = Tests_iOS.swift; sourceTree = "<group>"; };
		BA654EF828A142F500EF72C8 /* Tests_iOSLaunchTests.swift */ = {isa = PBXFileReference; lastKnownFileType = sourcecode.swift; path = Tests_iOSLaunchTests.swift; sourceTree = "<group>"; };
		BA654EFE28A142F500EF72C8 /* Tests macOS.xctest */ = {isa = PBXFileReference; explicitFileType = wrapper.cfbundle; includeInIndex = 0; path = "Tests macOS.xctest"; sourceTree = BUILT_PRODUCTS_DIR; };
		BA654F0228A142F500EF72C8 /* Tests_macOS.swift */ = {isa = PBXFileReference; lastKnownFileType = sourcecode.swift; path = Tests_macOS.swift; sourceTree = "<group>"; };
		BA654F0428A142F500EF72C8 /* Tests_macOSLaunchTests.swift */ = {isa = PBXFileReference; lastKnownFileType = sourcecode.swift; path = Tests_macOSLaunchTests.swift; sourceTree = "<group>"; };
		BA654F1C28A14BF400EF72C8 /* Bird-Modules */ = {isa = PBXFileReference; lastKnownFileType = wrapper; path = "Bird-Modules"; sourceTree = "<group>"; };
/* End PBXFileReference section */

/* Begin PBXFrameworksBuildPhase section */
		BA654EE228A142F400EF72C8 /* Frameworks */ = {
			isa = PBXFrameworksBuildPhase;
			buildActionMask = 2147483647;
			files = (
				9D1A9FC728AEAB950065DE6E /* AppFeature in Frameworks */,
			);
			runOnlyForDeploymentPostprocessing = 0;
		};
		BA654EE828A142F500EF72C8 /* Frameworks */ = {
			isa = PBXFrameworksBuildPhase;
			buildActionMask = 2147483647;
			files = (
				BA654F2128A14C8500EF72C8 /* App-Feature in Frameworks */,
			);
			runOnlyForDeploymentPostprocessing = 0;
		};
		BA654EEF28A142F500EF72C8 /* Frameworks */ = {
			isa = PBXFrameworksBuildPhase;
			buildActionMask = 2147483647;
			files = (
			);
			runOnlyForDeploymentPostprocessing = 0;
		};
		BA654EFB28A142F500EF72C8 /* Frameworks */ = {
			isa = PBXFrameworksBuildPhase;
			buildActionMask = 2147483647;
			files = (
			);
			runOnlyForDeploymentPostprocessing = 0;
		};
/* End PBXFrameworksBuildPhase section */

/* Begin PBXGroup section */
		BA654ED828A142F100EF72C8 = {
			isa = PBXGroup;
			children = (
				BA654F1C28A14BF400EF72C8 /* Bird-Modules */,
				BA654EDD28A142F100EF72C8 /* Shared */,
				BA654EEC28A142F500EF72C8 /* macOS */,
				BA654EF528A142F500EF72C8 /* Tests iOS */,
				BA654F0128A142F500EF72C8 /* Tests macOS */,
				BA654EE628A142F400EF72C8 /* Products */,
				BA654F1D28A14C7C00EF72C8 /* Frameworks */,
			);
			sourceTree = "<group>";
		};
		BA654EDD28A142F100EF72C8 /* Shared */ = {
			isa = PBXGroup;
			children = (
				BA654EDE28A142F100EF72C8 /* Project_BirdApp.swift */,
				BA654EDF28A142F100EF72C8 /* ContentView.swift */,
				BA654EE028A142F400EF72C8 /* Assets.xcassets */,
			);
			path = Shared;
			sourceTree = "<group>";
		};
		BA654EE628A142F400EF72C8 /* Products */ = {
			isa = PBXGroup;
			children = (
				BA654EE528A142F400EF72C8 /* Project-Bird.app */,
				BA654EEB28A142F500EF72C8 /* Project-Bird.app */,
				BA654EF228A142F500EF72C8 /* Tests iOS.xctest */,
				BA654EFE28A142F500EF72C8 /* Tests macOS.xctest */,
			);
			name = Products;
			sourceTree = "<group>";
		};
		BA654EEC28A142F500EF72C8 /* macOS */ = {
			isa = PBXGroup;
			children = (
				BA654EED28A142F500EF72C8 /* macOS.entitlements */,
			);
			path = macOS;
			sourceTree = "<group>";
		};
		BA654EF528A142F500EF72C8 /* Tests iOS */ = {
			isa = PBXGroup;
			children = (
				BA654EF628A142F500EF72C8 /* Tests_iOS.swift */,
				BA654EF828A142F500EF72C8 /* Tests_iOSLaunchTests.swift */,
			);
			path = "Tests iOS";
			sourceTree = "<group>";
		};
		BA654F0128A142F500EF72C8 /* Tests macOS */ = {
			isa = PBXGroup;
			children = (
				BA654F0228A142F500EF72C8 /* Tests_macOS.swift */,
				BA654F0428A142F500EF72C8 /* Tests_macOSLaunchTests.swift */,
			);
			path = "Tests macOS";
			sourceTree = "<group>";
		};
		BA654F1D28A14C7C00EF72C8 /* Frameworks */ = {
			isa = PBXGroup;
			children = (
			);
			name = Frameworks;
			sourceTree = "<group>";
		};
/* End PBXGroup section */

/* Begin PBXNativeTarget section */
		BA654EE428A142F400EF72C8 /* Project-Bird (iOS) */ = {
			isa = PBXNativeTarget;
			buildConfigurationList = BA654F0E28A142F500EF72C8 /* Build configuration list for PBXNativeTarget "Project-Bird (iOS)" */;
			buildPhases = (
				BA654EE128A142F400EF72C8 /* Sources */,
				BA654EE228A142F400EF72C8 /* Frameworks */,
				BA654EE328A142F400EF72C8 /* Resources */,
				BA654F1A28A143ED00EF72C8 /* Swift Lint */,
			);
			buildRules = (
			);
			dependencies = (
			);
			name = "Project-Bird (iOS)";
			packageProductDependencies = (
				9D1A9FC628AEAB950065DE6E /* AppFeature */,
			);
			productName = "Project-Bird (iOS)";
			productReference = BA654EE528A142F400EF72C8 /* Project-Bird.app */;
			productType = "com.apple.product-type.application";
		};
		BA654EEA28A142F500EF72C8 /* Project-Bird (macOS) */ = {
			isa = PBXNativeTarget;
			buildConfigurationList = BA654F1128A142F500EF72C8 /* Build configuration list for PBXNativeTarget "Project-Bird (macOS)" */;
			buildPhases = (
				BA654EE728A142F500EF72C8 /* Sources */,
				BA654EE828A142F500EF72C8 /* Frameworks */,
				BA654EE928A142F500EF72C8 /* Resources */,
				BA654F1B28A149F400EF72C8 /* Swift Lint */,
			);
			buildRules = (
			);
			dependencies = (
			);
			name = "Project-Bird (macOS)";
			packageProductDependencies = (
				BA654F2028A14C8500EF72C8 /* App-Feature */,
			);
			productName = "Project-Bird (macOS)";
			productReference = BA654EEB28A142F500EF72C8 /* Project-Bird.app */;
			productType = "com.apple.product-type.application";
		};
		BA654EF128A142F500EF72C8 /* Tests iOS */ = {
			isa = PBXNativeTarget;
			buildConfigurationList = BA654F1428A142F500EF72C8 /* Build configuration list for PBXNativeTarget "Tests iOS" */;
			buildPhases = (
				BA654EEE28A142F500EF72C8 /* Sources */,
				BA654EEF28A142F500EF72C8 /* Frameworks */,
				BA654EF028A142F500EF72C8 /* Resources */,
			);
			buildRules = (
			);
			dependencies = (
				BA654EF428A142F500EF72C8 /* PBXTargetDependency */,
			);
			name = "Tests iOS";
			productName = "Tests iOS";
			productReference = BA654EF228A142F500EF72C8 /* Tests iOS.xctest */;
			productType = "com.apple.product-type.bundle.ui-testing";
		};
		BA654EFD28A142F500EF72C8 /* Tests macOS */ = {
			isa = PBXNativeTarget;
			buildConfigurationList = BA654F1728A142F500EF72C8 /* Build configuration list for PBXNativeTarget "Tests macOS" */;
			buildPhases = (
				BA654EFA28A142F500EF72C8 /* Sources */,
				BA654EFB28A142F500EF72C8 /* Frameworks */,
				BA654EFC28A142F500EF72C8 /* Resources */,
			);
			buildRules = (
			);
			dependencies = (
				BA654F0028A142F500EF72C8 /* PBXTargetDependency */,
			);
			name = "Tests macOS";
			productName = "Tests macOS";
			productReference = BA654EFE28A142F500EF72C8 /* Tests macOS.xctest */;
			productType = "com.apple.product-type.bundle.ui-testing";
		};
/* End PBXNativeTarget section */

/* Begin PBXProject section */
		BA654ED928A142F100EF72C8 /* Project object */ = {
			isa = PBXProject;
			attributes = {
				BuildIndependentTargetsInParallel = 1;
				LastSwiftUpdateCheck = 1340;
				LastUpgradeCheck = 1340;
				TargetAttributes = {
					BA654EE428A142F400EF72C8 = {
						CreatedOnToolsVersion = 13.4.1;
					};
					BA654EEA28A142F500EF72C8 = {
						CreatedOnToolsVersion = 13.4.1;
					};
					BA654EF128A142F500EF72C8 = {
						CreatedOnToolsVersion = 13.4.1;
						TestTargetID = BA654EE428A142F400EF72C8;
					};
					BA654EFD28A142F500EF72C8 = {
						CreatedOnToolsVersion = 13.4.1;
						TestTargetID = BA654EEA28A142F500EF72C8;
					};
				};
			};
			buildConfigurationList = BA654EDC28A142F100EF72C8 /* Build configuration list for PBXProject "Project-Bird" */;
			compatibilityVersion = "Xcode 13.0";
			developmentRegion = en;
			hasScannedForEncodings = 0;
			knownRegions = (
				en,
				Base,
			);
			mainGroup = BA654ED828A142F100EF72C8;
			productRefGroup = BA654EE628A142F400EF72C8 /* Products */;
			projectDirPath = "";
			projectRoot = "";
			targets = (
				BA654EE428A142F400EF72C8 /* Project-Bird (iOS) */,
				BA654EEA28A142F500EF72C8 /* Project-Bird (macOS) */,
				BA654EF128A142F500EF72C8 /* Tests iOS */,
				BA654EFD28A142F500EF72C8 /* Tests macOS */,
			);
		};
/* End PBXProject section */

/* Begin PBXResourcesBuildPhase section */
		BA654EE328A142F400EF72C8 /* Resources */ = {
			isa = PBXResourcesBuildPhase;
			buildActionMask = 2147483647;
			files = (
				BA654F0A28A142F500EF72C8 /* Assets.xcassets in Resources */,
			);
			runOnlyForDeploymentPostprocessing = 0;
		};
		BA654EE928A142F500EF72C8 /* Resources */ = {
			isa = PBXResourcesBuildPhase;
			buildActionMask = 2147483647;
			files = (
				BA654F0B28A142F500EF72C8 /* Assets.xcassets in Resources */,
			);
			runOnlyForDeploymentPostprocessing = 0;
		};
		BA654EF028A142F500EF72C8 /* Resources */ = {
			isa = PBXResourcesBuildPhase;
			buildActionMask = 2147483647;
			files = (
			);
			runOnlyForDeploymentPostprocessing = 0;
		};
		BA654EFC28A142F500EF72C8 /* Resources */ = {
			isa = PBXResourcesBuildPhase;
			buildActionMask = 2147483647;
			files = (
			);
			runOnlyForDeploymentPostprocessing = 0;
		};
/* End PBXResourcesBuildPhase section */

/* Begin PBXShellScriptBuildPhase section */
		BA654F1A28A143ED00EF72C8 /* Swift Lint */ = {
			isa = PBXShellScriptBuildPhase;
			buildActionMask = 2147483647;
			files = (
			);
			inputFileListPaths = (
			);
			inputPaths = (
			);
			name = "Swift Lint";
			outputFileListPaths = (
			);
			outputPaths = (
			);
			runOnlyForDeploymentPostprocessing = 0;
			shellPath = /bin/sh;
			shellScript = "if which swiftlint >/dev/null; then\nswiftlint\nelse\necho \"warning: Swiftlint not installed, download from https://github.com/realm/SwiftLint\"\nfi\n";
		};
		BA654F1B28A149F400EF72C8 /* Swift Lint */ = {
			isa = PBXShellScriptBuildPhase;
			buildActionMask = 2147483647;
			files = (
			);
			inputFileListPaths = (
			);
			inputPaths = (
			);
			name = "Swift Lint";
			outputFileListPaths = (
			);
			outputPaths = (
			);
			runOnlyForDeploymentPostprocessing = 0;
			shellPath = /bin/sh;
			shellScript = "if which swiftlint >/dev/null; then\nswiftlint\nelse\necho \"warning: Swiftlint not installed, download from https://github.com/realm/SwiftLint\"\nfi\n";
		};
/* End PBXShellScriptBuildPhase section */

/* Begin PBXSourcesBuildPhase section */
		BA654EE128A142F400EF72C8 /* Sources */ = {
			isa = PBXSourcesBuildPhase;
			buildActionMask = 2147483647;
			files = (
				BA654F0828A142F500EF72C8 /* ContentView.swift in Sources */,
				BA654F0628A142F500EF72C8 /* Project_BirdApp.swift in Sources */,
			);
			runOnlyForDeploymentPostprocessing = 0;
		};
		BA654EE728A142F500EF72C8 /* Sources */ = {
			isa = PBXSourcesBuildPhase;
			buildActionMask = 2147483647;
			files = (
				BA654F0928A142F500EF72C8 /* ContentView.swift in Sources */,
				BA654F0728A142F500EF72C8 /* Project_BirdApp.swift in Sources */,
			);
			runOnlyForDeploymentPostprocessing = 0;
		};
		BA654EEE28A142F500EF72C8 /* Sources */ = {
			isa = PBXSourcesBuildPhase;
			buildActionMask = 2147483647;
			files = (
				BA654EF928A142F500EF72C8 /* Tests_iOSLaunchTests.swift in Sources */,
				BA654EF728A142F500EF72C8 /* Tests_iOS.swift in Sources */,
			);
			runOnlyForDeploymentPostprocessing = 0;
		};
		BA654EFA28A142F500EF72C8 /* Sources */ = {
			isa = PBXSourcesBuildPhase;
			buildActionMask = 2147483647;
			files = (
				BA654F0528A142F500EF72C8 /* Tests_macOSLaunchTests.swift in Sources */,
				BA654F0328A142F500EF72C8 /* Tests_macOS.swift in Sources */,
			);
			runOnlyForDeploymentPostprocessing = 0;
		};
/* End PBXSourcesBuildPhase section */

/* Begin PBXTargetDependency section */
		BA654EF428A142F500EF72C8 /* PBXTargetDependency */ = {
			isa = PBXTargetDependency;
			target = BA654EE428A142F400EF72C8 /* Project-Bird (iOS) */;
			targetProxy = BA654EF328A142F500EF72C8 /* PBXContainerItemProxy */;
		};
		BA654F0028A142F500EF72C8 /* PBXTargetDependency */ = {
			isa = PBXTargetDependency;
			target = BA654EEA28A142F500EF72C8 /* Project-Bird (macOS) */;
			targetProxy = BA654EFF28A142F500EF72C8 /* PBXContainerItemProxy */;
		};
/* End PBXTargetDependency section */

/* Begin XCBuildConfiguration section */
		BA654F0C28A142F500EF72C8 /* Debug */ = {
			isa = XCBuildConfiguration;
			buildSettings = {
				ALWAYS_SEARCH_USER_PATHS = NO;
				CLANG_ANALYZER_NONNULL = YES;
				CLANG_ANALYZER_NUMBER_OBJECT_CONVERSION = YES_AGGRESSIVE;
				CLANG_CXX_LANGUAGE_STANDARD = "gnu++17";
				CLANG_ENABLE_MODULES = YES;
				CLANG_ENABLE_OBJC_ARC = YES;
				CLANG_ENABLE_OBJC_WEAK = YES;
				CLANG_WARN_BLOCK_CAPTURE_AUTORELEASING = YES;
				CLANG_WARN_BOOL_CONVERSION = YES;
				CLANG_WARN_COMMA = YES;
				CLANG_WARN_CONSTANT_CONVERSION = YES;
				CLANG_WARN_DEPRECATED_OBJC_IMPLEMENTATIONS = YES;
				CLANG_WARN_DIRECT_OBJC_ISA_USAGE = YES_ERROR;
				CLANG_WARN_DOCUMENTATION_COMMENTS = YES;
				CLANG_WARN_EMPTY_BODY = YES;
				CLANG_WARN_ENUM_CONVERSION = YES;
				CLANG_WARN_INFINITE_RECURSION = YES;
				CLANG_WARN_INT_CONVERSION = YES;
				CLANG_WARN_NON_LITERAL_NULL_CONVERSION = YES;
				CLANG_WARN_OBJC_IMPLICIT_RETAIN_SELF = YES;
				CLANG_WARN_OBJC_LITERAL_CONVERSION = YES;
				CLANG_WARN_OBJC_ROOT_CLASS = YES_ERROR;
				CLANG_WARN_QUOTED_INCLUDE_IN_FRAMEWORK_HEADER = YES;
				CLANG_WARN_RANGE_LOOP_ANALYSIS = YES;
				CLANG_WARN_STRICT_PROTOTYPES = YES;
				CLANG_WARN_SUSPICIOUS_MOVE = YES;
				CLANG_WARN_UNGUARDED_AVAILABILITY = YES_AGGRESSIVE;
				CLANG_WARN_UNREACHABLE_CODE = YES;
				CLANG_WARN__DUPLICATE_METHOD_MATCH = YES;
				COPY_PHASE_STRIP = NO;
				DEBUG_INFORMATION_FORMAT = dwarf;
				ENABLE_STRICT_OBJC_MSGSEND = YES;
				ENABLE_TESTABILITY = YES;
				GCC_C_LANGUAGE_STANDARD = gnu11;
				GCC_DYNAMIC_NO_PIC = NO;
				GCC_NO_COMMON_BLOCKS = YES;
				GCC_OPTIMIZATION_LEVEL = 0;
				GCC_PREPROCESSOR_DEFINITIONS = (
					"DEBUG=1",
					"$(inherited)",
				);
				GCC_WARN_64_TO_32_BIT_CONVERSION = YES;
				GCC_WARN_ABOUT_RETURN_TYPE = YES_ERROR;
				GCC_WARN_UNDECLARED_SELECTOR = YES;
				GCC_WARN_UNINITIALIZED_AUTOS = YES_AGGRESSIVE;
				GCC_WARN_UNUSED_FUNCTION = YES;
				GCC_WARN_UNUSED_VARIABLE = YES;
				MTL_ENABLE_DEBUG_INFO = INCLUDE_SOURCE;
				MTL_FAST_MATH = YES;
				ONLY_ACTIVE_ARCH = YES;
				SWIFT_ACTIVE_COMPILATION_CONDITIONS = DEBUG;
				SWIFT_OPTIMIZATION_LEVEL = "-Onone";
			};
			name = Debug;
		};
		BA654F0D28A142F500EF72C8 /* Release */ = {
			isa = XCBuildConfiguration;
			buildSettings = {
				ALWAYS_SEARCH_USER_PATHS = NO;
				CLANG_ANALYZER_NONNULL = YES;
				CLANG_ANALYZER_NUMBER_OBJECT_CONVERSION = YES_AGGRESSIVE;
				CLANG_CXX_LANGUAGE_STANDARD = "gnu++17";
				CLANG_ENABLE_MODULES = YES;
				CLANG_ENABLE_OBJC_ARC = YES;
				CLANG_ENABLE_OBJC_WEAK = YES;
				CLANG_WARN_BLOCK_CAPTURE_AUTORELEASING = YES;
				CLANG_WARN_BOOL_CONVERSION = YES;
				CLANG_WARN_COMMA = YES;
				CLANG_WARN_CONSTANT_CONVERSION = YES;
				CLANG_WARN_DEPRECATED_OBJC_IMPLEMENTATIONS = YES;
				CLANG_WARN_DIRECT_OBJC_ISA_USAGE = YES_ERROR;
				CLANG_WARN_DOCUMENTATION_COMMENTS = YES;
				CLANG_WARN_EMPTY_BODY = YES;
				CLANG_WARN_ENUM_CONVERSION = YES;
				CLANG_WARN_INFINITE_RECURSION = YES;
				CLANG_WARN_INT_CONVERSION = YES;
				CLANG_WARN_NON_LITERAL_NULL_CONVERSION = YES;
				CLANG_WARN_OBJC_IMPLICIT_RETAIN_SELF = YES;
				CLANG_WARN_OBJC_LITERAL_CONVERSION = YES;
				CLANG_WARN_OBJC_ROOT_CLASS = YES_ERROR;
				CLANG_WARN_QUOTED_INCLUDE_IN_FRAMEWORK_HEADER = YES;
				CLANG_WARN_RANGE_LOOP_ANALYSIS = YES;
				CLANG_WARN_STRICT_PROTOTYPES = YES;
				CLANG_WARN_SUSPICIOUS_MOVE = YES;
				CLANG_WARN_UNGUARDED_AVAILABILITY = YES_AGGRESSIVE;
				CLANG_WARN_UNREACHABLE_CODE = YES;
				CLANG_WARN__DUPLICATE_METHOD_MATCH = YES;
				COPY_PHASE_STRIP = NO;
				DEBUG_INFORMATION_FORMAT = "dwarf-with-dsym";
				ENABLE_NS_ASSERTIONS = NO;
				ENABLE_STRICT_OBJC_MSGSEND = YES;
				GCC_C_LANGUAGE_STANDARD = gnu11;
				GCC_NO_COMMON_BLOCKS = YES;
				GCC_WARN_64_TO_32_BIT_CONVERSION = YES;
				GCC_WARN_ABOUT_RETURN_TYPE = YES_ERROR;
				GCC_WARN_UNDECLARED_SELECTOR = YES;
				GCC_WARN_UNINITIALIZED_AUTOS = YES_AGGRESSIVE;
				GCC_WARN_UNUSED_FUNCTION = YES;
				GCC_WARN_UNUSED_VARIABLE = YES;
				MTL_ENABLE_DEBUG_INFO = NO;
				MTL_FAST_MATH = YES;
				SWIFT_COMPILATION_MODE = wholemodule;
				SWIFT_OPTIMIZATION_LEVEL = "-O";
			};
			name = Release;
		};
		BA654F0F28A142F500EF72C8 /* Debug */ = {
			isa = XCBuildConfiguration;
			buildSettings = {
				ASSETCATALOG_COMPILER_APPICON_NAME = AppIcon;
				ASSETCATALOG_COMPILER_GLOBAL_ACCENT_COLOR_NAME = AccentColor;
				CODE_SIGN_STYLE = Automatic;
				CURRENT_PROJECT_VERSION = 1;
				DEVELOPMENT_TEAM = QRB568C47A;
				ENABLE_PREVIEWS = YES;
				GENERATE_INFOPLIST_FILE = YES;
				INFOPLIST_KEY_UIApplicationSceneManifest_Generation = YES;
				INFOPLIST_KEY_UIApplicationSupportsIndirectInputEvents = YES;
				INFOPLIST_KEY_UILaunchScreen_Generation = YES;
				INFOPLIST_KEY_UISupportedInterfaceOrientations_iPad = "UIInterfaceOrientationPortrait UIInterfaceOrientationPortraitUpsideDown UIInterfaceOrientationLandscapeLeft UIInterfaceOrientationLandscapeRight";
				INFOPLIST_KEY_UISupportedInterfaceOrientations_iPhone = "UIInterfaceOrientationPortrait UIInterfaceOrientationLandscapeLeft UIInterfaceOrientationLandscapeRight";
				IPHONEOS_DEPLOYMENT_TARGET = 15.5;
				LD_RUNPATH_SEARCH_PATHS = (
					"$(inherited)",
					"@executable_path/Frameworks",
				);
				MARKETING_VERSION = 1.0;
				PRODUCT_BUNDLE_IDENTIFIER = "com.chevis.Project-Bird";
				PRODUCT_NAME = "Project-Bird";
				SDKROOT = iphoneos;
				SWIFT_EMIT_LOC_STRINGS = YES;
				SWIFT_VERSION = 5.0;
				TARGETED_DEVICE_FAMILY = "1,2";
			};
			name = Debug;
		};
		BA654F1028A142F500EF72C8 /* Release */ = {
			isa = XCBuildConfiguration;
			buildSettings = {
				ASSETCATALOG_COMPILER_APPICON_NAME = AppIcon;
				ASSETCATALOG_COMPILER_GLOBAL_ACCENT_COLOR_NAME = AccentColor;
				CODE_SIGN_STYLE = Automatic;
				CURRENT_PROJECT_VERSION = 1;
				DEVELOPMENT_TEAM = QRB568C47A;
				ENABLE_PREVIEWS = YES;
				GENERATE_INFOPLIST_FILE = YES;
				INFOPLIST_KEY_UIApplicationSceneManifest_Generation = YES;
				INFOPLIST_KEY_UIApplicationSupportsIndirectInputEvents = YES;
				INFOPLIST_KEY_UILaunchScreen_Generation = YES;
				INFOPLIST_KEY_UISupportedInterfaceOrientations_iPad = "UIInterfaceOrientationPortrait UIInterfaceOrientationPortraitUpsideDown UIInterfaceOrientationLandscapeLeft UIInterfaceOrientationLandscapeRight";
				INFOPLIST_KEY_UISupportedInterfaceOrientations_iPhone = "UIInterfaceOrientationPortrait UIInterfaceOrientationLandscapeLeft UIInterfaceOrientationLandscapeRight";
				IPHONEOS_DEPLOYMENT_TARGET = 15.5;
				LD_RUNPATH_SEARCH_PATHS = (
					"$(inherited)",
					"@executable_path/Frameworks",
				);
				MARKETING_VERSION = 1.0;
				PRODUCT_BUNDLE_IDENTIFIER = "com.chevis.Project-Bird";
				PRODUCT_NAME = "Project-Bird";
				SDKROOT = iphoneos;
				SWIFT_EMIT_LOC_STRINGS = YES;
				SWIFT_VERSION = 5.0;
				TARGETED_DEVICE_FAMILY = "1,2";
				VALIDATE_PRODUCT = YES;
			};
			name = Release;
		};
		BA654F1228A142F500EF72C8 /* Debug */ = {
			isa = XCBuildConfiguration;
			buildSettings = {
				ASSETCATALOG_COMPILER_APPICON_NAME = AppIcon;
				ASSETCATALOG_COMPILER_GLOBAL_ACCENT_COLOR_NAME = AccentColor;
				CODE_SIGN_ENTITLEMENTS = macOS/macOS.entitlements;
				CODE_SIGN_STYLE = Automatic;
				COMBINE_HIDPI_IMAGES = YES;
				CURRENT_PROJECT_VERSION = 1;
				DEVELOPMENT_TEAM = QRB568C47A;
				ENABLE_HARDENED_RUNTIME = YES;
				ENABLE_PREVIEWS = YES;
				GENERATE_INFOPLIST_FILE = YES;
				INFOPLIST_KEY_NSHumanReadableCopyright = "";
				LD_RUNPATH_SEARCH_PATHS = (
					"$(inherited)",
					"@executable_path/../Frameworks",
				);
				MACOSX_DEPLOYMENT_TARGET = 12.3;
				MARKETING_VERSION = 1.0;
				PRODUCT_BUNDLE_IDENTIFIER = "com.chevis.Project-Bird";
				PRODUCT_NAME = "Project-Bird";
				SDKROOT = macosx;
				SWIFT_EMIT_LOC_STRINGS = YES;
				SWIFT_VERSION = 5.0;
			};
			name = Debug;
		};
		BA654F1328A142F500EF72C8 /* Release */ = {
			isa = XCBuildConfiguration;
			buildSettings = {
				ASSETCATALOG_COMPILER_APPICON_NAME = AppIcon;
				ASSETCATALOG_COMPILER_GLOBAL_ACCENT_COLOR_NAME = AccentColor;
				CODE_SIGN_ENTITLEMENTS = macOS/macOS.entitlements;
				CODE_SIGN_STYLE = Automatic;
				COMBINE_HIDPI_IMAGES = YES;
				CURRENT_PROJECT_VERSION = 1;
				DEVELOPMENT_TEAM = QRB568C47A;
				ENABLE_HARDENED_RUNTIME = YES;
				ENABLE_PREVIEWS = YES;
				GENERATE_INFOPLIST_FILE = YES;
				INFOPLIST_KEY_NSHumanReadableCopyright = "";
				LD_RUNPATH_SEARCH_PATHS = (
					"$(inherited)",
					"@executable_path/../Frameworks",
				);
				MACOSX_DEPLOYMENT_TARGET = 12.3;
				MARKETING_VERSION = 1.0;
				PRODUCT_BUNDLE_IDENTIFIER = "com.chevis.Project-Bird";
				PRODUCT_NAME = "Project-Bird";
				SDKROOT = macosx;
				SWIFT_EMIT_LOC_STRINGS = YES;
				SWIFT_VERSION = 5.0;
			};
			name = Release;
		};
		BA654F1528A142F500EF72C8 /* Debug */ = {
			isa = XCBuildConfiguration;
			buildSettings = {
				ALWAYS_EMBED_SWIFT_STANDARD_LIBRARIES = YES;
				CODE_SIGN_STYLE = Automatic;
				CURRENT_PROJECT_VERSION = 1;
				DEVELOPMENT_TEAM = QRB568C47A;
				GENERATE_INFOPLIST_FILE = YES;
				IPHONEOS_DEPLOYMENT_TARGET = 15.5;
				MARKETING_VERSION = 1.0;
				PRODUCT_BUNDLE_IDENTIFIER = "com.chevis.Tests-iOS";
				PRODUCT_NAME = "$(TARGET_NAME)";
				SDKROOT = iphoneos;
				SWIFT_EMIT_LOC_STRINGS = NO;
				SWIFT_VERSION = 5.0;
				TARGETED_DEVICE_FAMILY = "1,2";
				TEST_TARGET_NAME = "Project-Bird (iOS)";
			};
			name = Debug;
		};
		BA654F1628A142F500EF72C8 /* Release */ = {
			isa = XCBuildConfiguration;
			buildSettings = {
				ALWAYS_EMBED_SWIFT_STANDARD_LIBRARIES = YES;
				CODE_SIGN_STYLE = Automatic;
				CURRENT_PROJECT_VERSION = 1;
				DEVELOPMENT_TEAM = QRB568C47A;
				GENERATE_INFOPLIST_FILE = YES;
				IPHONEOS_DEPLOYMENT_TARGET = 15.5;
				MARKETING_VERSION = 1.0;
				PRODUCT_BUNDLE_IDENTIFIER = "com.chevis.Tests-iOS";
				PRODUCT_NAME = "$(TARGET_NAME)";
				SDKROOT = iphoneos;
				SWIFT_EMIT_LOC_STRINGS = NO;
				SWIFT_VERSION = 5.0;
				TARGETED_DEVICE_FAMILY = "1,2";
				TEST_TARGET_NAME = "Project-Bird (iOS)";
				VALIDATE_PRODUCT = YES;
			};
			name = Release;
		};
		BA654F1828A142F500EF72C8 /* Debug */ = {
			isa = XCBuildConfiguration;
			buildSettings = {
				ALWAYS_EMBED_SWIFT_STANDARD_LIBRARIES = YES;
				CODE_SIGN_STYLE = Automatic;
				CURRENT_PROJECT_VERSION = 1;
				DEVELOPMENT_TEAM = QRB568C47A;
				GENERATE_INFOPLIST_FILE = YES;
				MACOSX_DEPLOYMENT_TARGET = 12.3;
				MARKETING_VERSION = 1.0;
				PRODUCT_BUNDLE_IDENTIFIER = "com.chevis.Tests-macOS";
				PRODUCT_NAME = "$(TARGET_NAME)";
				SDKROOT = macosx;
				SWIFT_EMIT_LOC_STRINGS = NO;
				SWIFT_VERSION = 5.0;
				TEST_TARGET_NAME = "Project-Bird (macOS)";
			};
			name = Debug;
		};
		BA654F1928A142F500EF72C8 /* Release */ = {
			isa = XCBuildConfiguration;
			buildSettings = {
				ALWAYS_EMBED_SWIFT_STANDARD_LIBRARIES = YES;
				CODE_SIGN_STYLE = Automatic;
				CURRENT_PROJECT_VERSION = 1;
				DEVELOPMENT_TEAM = QRB568C47A;
				GENERATE_INFOPLIST_FILE = YES;
				MACOSX_DEPLOYMENT_TARGET = 12.3;
				MARKETING_VERSION = 1.0;
				PRODUCT_BUNDLE_IDENTIFIER = "com.chevis.Tests-macOS";
				PRODUCT_NAME = "$(TARGET_NAME)";
				SDKROOT = macosx;
				SWIFT_EMIT_LOC_STRINGS = NO;
				SWIFT_VERSION = 5.0;
				TEST_TARGET_NAME = "Project-Bird (macOS)";
			};
			name = Release;
		};
/* End XCBuildConfiguration section */

/* Begin XCConfigurationList section */
		BA654EDC28A142F100EF72C8 /* Build configuration list for PBXProject "Project-Bird" */ = {
			isa = XCConfigurationList;
			buildConfigurations = (
				BA654F0C28A142F500EF72C8 /* Debug */,
				BA654F0D28A142F500EF72C8 /* Release */,
			);
			defaultConfigurationIsVisible = 0;
			defaultConfigurationName = Release;
		};
		BA654F0E28A142F500EF72C8 /* Build configuration list for PBXNativeTarget "Project-Bird (iOS)" */ = {
			isa = XCConfigurationList;
			buildConfigurations = (
				BA654F0F28A142F500EF72C8 /* Debug */,
				BA654F1028A142F500EF72C8 /* Release */,
			);
			defaultConfigurationIsVisible = 0;
			defaultConfigurationName = Release;
		};
		BA654F1128A142F500EF72C8 /* Build configuration list for PBXNativeTarget "Project-Bird (macOS)" */ = {
			isa = XCConfigurationList;
			buildConfigurations = (
				BA654F1228A142F500EF72C8 /* Debug */,
				BA654F1328A142F500EF72C8 /* Release */,
			);
			defaultConfigurationIsVisible = 0;
			defaultConfigurationName = Release;
		};
		BA654F1428A142F500EF72C8 /* Build configuration list for PBXNativeTarget "Tests iOS" */ = {
			isa = XCConfigurationList;
			buildConfigurations = (
				BA654F1528A142F500EF72C8 /* Debug */,
				BA654F1628A142F500EF72C8 /* Release */,
			);
			defaultConfigurationIsVisible = 0;
			defaultConfigurationName = Release;
		};
		BA654F1728A142F500EF72C8 /* Build configuration list for PBXNativeTarget "Tests macOS" */ = {
			isa = XCConfigurationList;
			buildConfigurations = (
				BA654F1828A142F500EF72C8 /* Debug */,
				BA654F1928A142F500EF72C8 /* Release */,
			);
			defaultConfigurationIsVisible = 0;
			defaultConfigurationName = Release;
		};
/* End XCConfigurationList section */

/* Begin XCSwiftPackageProductDependency section */
		9D1A9FC628AEAB950065DE6E /* AppFeature */ = {
			isa = XCSwiftPackageProductDependency;
			productName = AppFeature;
		};
		BA654F2028A14C8500EF72C8 /* App-Feature */ = {
			isa = XCSwiftPackageProductDependency;
			productName = "App-Feature";
		};
/* End XCSwiftPackageProductDependency section */
	};
	rootObject = BA654ED928A142F100EF72C8 /* Project object */;
}
