{
  "pins" : [
    {
      "identity" : "owl",
      "kind" : "remoteSourceControl",
      "location" : "https://github.com/Rebeccompany/Owl.git",
      "state" : {
        "revision" : "2ee76e4bd5c263fa40220890eefe03eabd181bd2",
        "version" : "1.0.2"
      }
    },
    {
      "identity" : "richtextkit",
      "kind" : "remoteSourceControl",
      "location" : "https://github.com/Rebeccompany/RichTextKit",
      "state" : {
        "branch" : "main",
        "revision" : "b46e6bbcd6557fcaabde10114491a836bd3ccfb4"
      }
    }
  ],
  "version" : 2
}
