{
  "pins" : [
    {
      "identity" : "owl",
      "kind" : "remoteSourceControl",
      "location" : "https://github.com/Rebeccompany/Owl.git",
      "state" : {
        "revision" : "2ee76e4bd5c263fa40220890eefe03eabd181bd2",
        "version" : "1.0.2"
      }
    },
    {
      "identity" : "richtextkit",
      "kind" : "remoteSourceControl",
      "location" : "https://github.com/Rebeccompany/RichTextKit",
      "state" : {
        "branch" : "main",
        "revision" : "a713176fa2c2708d65a253ba9335b8499678758c"
      }
    }
  ],
  "version" : 2
}
